
Microsoft Visual Studio Solution File, Format Version 12.00
# Visual Studio 15
VisualStudioVersion = 15.0.26730.16
MinimumVisualStudioVersion = 10.0.40219.1
Project("{FAE04EC0-301F-11D3-BF4B-00C04F79EFBC}") = "LockedDownTest", "LockedDownTest\LockedDownTest.csproj", "{53A9F2B8-74CE-4E27-A80F-18C8AE5F1E3B}"
EndProject
Global
	GlobalSection(SolutionConfigurationPlatforms) = preSolution
		Debug|Any CPU = Debug|Any CPU
		Release|Any CPU = Release|Any CPU
	EndGlobalSection
	GlobalSection(ProjectConfigurationPlatforms) = postSolution
		{53A9F2B8-74CE-4E27-A80F-18C8AE5F1E3B}.Debug|Any CPU.ActiveCfg = Debug|Any CPU
		{53A9F2B8-74CE-4E27-A80F-18C8AE5F1E3B}.Debug|Any CPU.Build.0 = Debug|Any CPU
		{53A9F2B8-74CE-4E27-A80F-18C8AE5F1E3B}.Release|Any CPU.ActiveCfg = Release|Any CPU
		{53A9F2B8-74CE-4E27-A80F-18C8AE5F1E3B}.Release|Any CPU.Build.0 = Release|Any CPU
	EndGlobalSection
	GlobalSection(SolutionProperties) = preSolution
		HideSolutionNode = FALSE
	EndGlobalSection
	GlobalSection(ExtensibilityGlobals) = postSolution
		SolutionGuid = {DDE8CB38-B43F-415E-BF7D-64484F2844E2}
	EndGlobalSection
EndGlobal
